
Microsoft Visual Studio Solution File, Format Version 12.00
Project("{FAE04EC0-301F-11D3-BF4B-00C04F79EFBC}") = "Minesweeper", "src\Minesweeper\Minesweeper.csproj", "{CBFF3DB7-6D27-4825-A617-66354769DF31}"
EndProject
Project("{FAE04EC0-301F-11D3-BF4B-00C04F79EFBC}") = "MinesweeperTests", "tests\MinesweeperTests\MinesweeperTests.csproj", "{B119B325-B894-4EB5-BA09-4E69CD78FA0F}"
EndProject
Global
	GlobalSection(SolutionConfigurationPlatforms) = preSolution
		Debug|Any CPU = Debug|Any CPU
		Release|Any CPU = Release|Any CPU
	EndGlobalSection
	GlobalSection(ProjectConfigurationPlatforms) = postSolution
		{CBFF3DB7-6D27-4825-A617-66354769DF31}.Debug|Any CPU.ActiveCfg = Debug|Any CPU
		{CBFF3DB7-6D27-4825-A617-66354769DF31}.Debug|Any CPU.Build.0 = Debug|Any CPU
		{CBFF3DB7-6D27-4825-A617-66354769DF31}.Release|Any CPU.ActiveCfg = Release|Any CPU
		{CBFF3DB7-6D27-4825-A617-66354769DF31}.Release|Any CPU.Build.0 = Release|Any CPU
		{B119B325-B894-4EB5-BA09-4E69CD78FA0F}.Debug|Any CPU.ActiveCfg = Debug|Any CPU
		{B119B325-B894-4EB5-BA09-4E69CD78FA0F}.Debug|Any CPU.Build.0 = Debug|Any CPU
		{B119B325-B894-4EB5-BA09-4E69CD78FA0F}.Release|Any CPU.ActiveCfg = Release|Any CPU
		{B119B325-B894-4EB5-BA09-4E69CD78FA0F}.Release|Any CPU.Build.0 = Release|Any CPU
	EndGlobalSection
EndGlobal
